Microsoft Visual Studio Solution File, Format Version 11.00
# Visual Studio 2010
Project("{FAE04EC0-301F-11D3-BF4B-00C04F79EFBC}") = "CrawlerHpathUI", "CrawlerHpathUI\CrawlerHpathUI.csproj", "{6234410B-6378-443B-BE1B-702973E0F83F}"
EndProject
Project("{FAE04EC0-301F-11D3-BF4B-00C04F79EFBC}") = "ViewPng", "ViewPng\ViewPng.csproj", "{ED48576D-BB3B-4C05-8043-DFCA22D5ADDE}"
EndProject
Project("{FAE04EC0-301F-11D3-BF4B-00C04F79EFBC}") = "TwoTeamMonteCarlo", "TwoTeamMonteCarlo\TwoTeamMonteCarlo.csproj", "{5786EA50-F35E-4017-9B7D-ADDEE40457EA}"
EndProject
Project("{FAE04EC0-301F-11D3-BF4B-00C04F79EFBC}") = "Plot", "Plot\Plot.csproj", "{2D336083-B50F-42CC-B300-249D9EFD23D7}"
EndProject
Project("{FAE04EC0-301F-11D3-BF4B-00C04F79EFBC}") = "HtmlTable", "HtmlTable\HtmlTable.csproj", "{0FB0617C-6619-4036-9F80-31AF6D0E7AD8}"
EndProject
Project("{FAE04EC0-301F-11D3-BF4B-00C04F79EFBC}") = "Histogram", "Histogram\Histogram.csproj", "{214FB44F-AEDA-4E48-A0C0-85CC737F064C}"
EndProject
Project("{FAE04EC0-301F-11D3-BF4B-00C04F79EFBC}") = "GetStats", "GetStats\GetStats.csproj", "{85EB70FD-6300-4CE7-9EE2-586460919040}"
EndProject
Project("{FAE04EC0-301F-11D3-BF4B-00C04F79EFBC}") = "CrawlerCommon", "CrawlerCommon\CrawlerCommon.csproj", "{CD0163BB-1D0A-4869-AAAA-EA21EE8B964A}"
EndProject
Project("{FAE04EC0-301F-11D3-BF4B-00C04F79EFBC}") = "FFToiletBowlSQL", "FFToiletBowlSQL\FFToiletBowlSQL.csproj", "{FBABCE8A-20E9-4F55-A4E4-8336F28331BD}"
EndProject
Project("{FAE04EC0-301F-11D3-BF4B-00C04F79EFBC}") = "GetRostersFromESPN", "GetRostersFromESPN\GetRostersFromESPN.csproj", "{D06961A2-6703-48C1-8B65-AF56DBD4961B}"
EndProject
Project("{FAE04EC0-301F-11D3-BF4B-00C04F79EFBC}") = "Html2Tsv", "Html2Tsv\Html2Tsv.csproj", "{CDA91856-CEE3-4193-B532-5CD83E8909F9}"
EndProject
Project("{FAE04EC0-301F-11D3-BF4B-00C04F79EFBC}") = "Batch", "Batch\Batch.csproj", "{2B347FAF-2D47-4E9F-9159-DA9074EF7205}"
EndProject
Project("{FAE04EC0-301F-11D3-BF4B-00C04F79EFBC}") = "PostNewToWordpress", "PostNewToWordpress\PostNewToWordpress.csproj", "{41893E99-FB61-4017-9F05-734DC9D7ABD0}"
EndProject
Project("{FAE04EC0-301F-11D3-BF4B-00C04F79EFBC}") = "PostImageToWordpress", "AddImageToWordpress\PostImageToWordpress.csproj", "{19489069-166B-4F81-8197-A106AC921E2C}"
EndProject
Project("{FAE04EC0-301F-11D3-BF4B-00C04F79EFBC}") = "FFToiletBowl", "FFToiletBowl\FFToiletBowl.csproj", "{B1AFCD77-0A68-4211-AD1F-8AB9734D22D5}"
EndProject
Project("{FAE04EC0-301F-11D3-BF4B-00C04F79EFBC}") = "DraftSimulator", "DraftSimulator\DraftSimulator.csproj", "{7F874F67-E5BC-46B4-844F-63080FC48D52}"
EndProject
Project("{FAE04EC0-301F-11D3-BF4B-00C04F79EFBC}") = "FFToiletBowlWeb", "FFToiletBowlWeb\FFToiletBowlWeb.csproj", "{EF2A1961-E5D2-47DB-97CD-290A00826D30}"
EndProject
Global
	GlobalSection(TestCaseManagementSettings) = postSolution
		CategoryFile = FootballStatsCrawler.vsmdi
	EndGlobalSection
	GlobalSection(SourceCodeControl) = preSolution
		SccNumberOfProjects = 14
		SccProjectUniqueName0 = CrawlerHpathUI\\CrawlerHpathUI.csproj
		SccProjectName0 = \u0022$/FootballStatsCrawler.root/CrawlerHpathUI\u0022,\u0020UOBAAAAA
		SccLocalPath0 = CrawlerHpathUI
		SccProvider0 = MSSCCI:Microsoft\u0020Visual\u0020SourceSafe
		SccProjectUniqueName1 = ViewPng\\ViewPng.csproj
		SccProjectName1 = \u0022$/FootballStatsCrawler.root/ViewPng\u0022,\u0020ZNAAAAAA
		SccLocalPath1 = ViewPng
		SccProvider1 = MSSCCI:Microsoft\u0020Visual\u0020SourceSafe
		SccProjectUniqueName2 = TwoTeamMonteCarlo\\TwoTeamMonteCarlo.csproj
		SccProjectName2 = \u0022$/FootballStatsCrawler.root/TwoTeamMonteCarlo\u0022,\u0020DVAAAAAA
		SccLocalPath2 = TwoTeamMonteCarlo
		SccProvider2 = MSSCCI:Microsoft\u0020Visual\u0020SourceSafe
		SccProjectUniqueName3 = Plot\\Plot.csproj
		SccProjectName3 = \u0022$/Charts.root/Charts/Plot\u0022,\u0020INAAAAAA
		SccLocalPath3 = Plot
		SccProvider3 = MSSCCI:Microsoft\u0020Visual\u0020SourceSafe
		SccProjectUniqueName4 = HtmlTable\\HtmlTable.csproj
		SccProjectName4 = \u0022$/Charts.root/Charts/HtmlTable\u0022,\u0020ZLAAAAAA
		SccLocalPath4 = HtmlTable
		SccProvider4 = MSSCCI:Microsoft\u0020Visual\u0020SourceSafe
		SccProjectUniqueName5 = Histogram\\Histogram.csproj
		SccProjectName5 = \u0022$/FootballStatsCrawler.root/Histogram\u0022,\u0020AWAAAAAA
		SccLocalPath5 = Histogram
		SccProvider5 = MSSCCI:Microsoft\u0020Visual\u0020SourceSafe
		SccProjectUniqueName6 = GetStats\\GetStats.csproj
		SccProjectName6 = \u0022$/FootballStatsCrawler.root/GetStats\u0022,\u0020MCAAAAAA
		SccLocalPath6 = GetStats
		SccProvider6 = MSSCCI:Microsoft\u0020Visual\u0020SourceSafe
		SccProjectUniqueName7 = CrawlerCommon\\CrawlerCommon.csproj
		SccProjectName7 = \u0022$/FootballStatsCrawler.root/CrawlerCommon\u0022,\u0020GCAAAAAA
		SccLocalPath7 = CrawlerCommon
		SccProvider7 = MSSCCI:Microsoft\u0020Visual\u0020SourceSafe
		SccProjectUniqueName8 = FFToiletBowlSQL\\FFToiletBowlSQL.csproj
		SccProjectName8 = \u0022$/FootballStatsCrawler.root/FFToiletBowlSQL\u0022,\u0020TNAAAAAA
		SccLocalPath8 = FFToiletBowlSQL
		SccProvider8 = MSSCCI:Microsoft\u0020Visual\u0020SourceSafe
		SccProjectUniqueName9 = GetRostersFromESPN\\GetRostersFromESPN.csproj
		SccProjectName9 = \u0022$/FootballStatsCrawler.root/GetRostersFromESPN\u0022,\u0020AVAAAAAA
		SccLocalPath9 = GetRostersFromESPN
		SccProvider9 = MSSCCI:Microsoft\u0020Visual\u0020SourceSafe
		SccProjectUniqueName10 = Html2Tsv\\Html2Tsv.csproj
		SccProjectName10 = \u0022$/FootballStatsCrawler.root/Html2Tsv\u0022,\u0020SNBAAAAA
		SccLocalPath10 = Html2Tsv
		SccProvider10 = MSSCCI:Microsoft\u0020Visual\u0020SourceSafe
		SccProjectUniqueName11 = Batch\\Batch.csproj
		SccProjectName11 = \u0022$/FootballStatsCrawler.root/Batch\u0022,\u0020CXAAAAAA
		SccLocalPath11 = Batch
		SccProvider11 = MSSCCI:Microsoft\u0020Visual\u0020SourceSafe
		SccProjectUniqueName12 = PostNewToWordpress\\PostNewToWordpress.csproj
		SccProjectName12 = \u0022$/FootballStatsCrawler.root/PostNewToWordpress\u0022,\u0020WNAAAAAA
		SccLocalPath12 = PostNewToWordpress
		SccProvider12 = MSSCCI:Microsoft\u0020Visual\u0020SourceSafe
		SccProjectUniqueName13 = AddImageToWordpress\\PostImageToWordpress.csproj
		SccProjectName13 = \u0022$/FootballStatsCrawler.root/AddImageToWordpress\u0022,\u0020QNAAAAAA
		SccLocalPath13 = AddImageToWordpress
		SccProvider13 = MSSCCI:Microsoft\u0020Visual\u0020SourceSafe
	EndGlobalSection
	GlobalSection(SolutionConfigurationPlatforms) = preSolution
		Debug|Any CPU = Debug|Any CPU
		Debug|Mixed Platforms = Debug|Mixed Platforms
		Debug|x86 = Debug|x86
		Release|Any CPU = Release|Any CPU
		Release|Mixed Platforms = Release|Mixed Platforms
		Release|x86 = Release|x86
	EndGlobalSection
	GlobalSection(ProjectConfigurationPlatforms) = postSolution
		{6234410B-6378-443B-BE1B-702973E0F83F}.Debug|Any CPU.ActiveCfg = Debug|x86
		{6234410B-6378-443B-BE1B-702973E0F83F}.Debug|Mixed Platforms.ActiveCfg = Debug|x86
		{6234410B-6378-443B-BE1B-702973E0F83F}.Debug|Mixed Platforms.Build.0 = Debug|x86
		{6234410B-6378-443B-BE1B-702973E0F83F}.Debug|x86.ActiveCfg = Debug|x86
		{6234410B-6378-443B-BE1B-702973E0F83F}.Debug|x86.Build.0 = Debug|x86
		{6234410B-6378-443B-BE1B-702973E0F83F}.Release|Any CPU.ActiveCfg = Release|x86
		{6234410B-6378-443B-BE1B-702973E0F83F}.Release|Mixed Platforms.ActiveCfg = Release|x86
		{6234410B-6378-443B-BE1B-702973E0F83F}.Release|Mixed Platforms.Build.0 = Release|x86
		{6234410B-6378-443B-BE1B-702973E0F83F}.Release|x86.ActiveCfg = Release|x86
		{6234410B-6378-443B-BE1B-702973E0F83F}.Release|x86.Build.0 = Release|x86
		{ED48576D-BB3B-4C05-8043-DFCA22D5ADDE}.Debug|Any CPU.ActiveCfg = Debug|x86
		{ED48576D-BB3B-4C05-8043-DFCA22D5ADDE}.Debug|Mixed Platforms.ActiveCfg = Debug|x86
		{ED48576D-BB3B-4C05-8043-DFCA22D5ADDE}.Debug|Mixed Platforms.Build.0 = Debug|x86
		{ED48576D-BB3B-4C05-8043-DFCA22D5ADDE}.Debug|x86.ActiveCfg = Debug|x86
		{ED48576D-BB3B-4C05-8043-DFCA22D5ADDE}.Debug|x86.Build.0 = Debug|x86
		{ED48576D-BB3B-4C05-8043-DFCA22D5ADDE}.Release|Any CPU.ActiveCfg = Release|x86
		{ED48576D-BB3B-4C05-8043-DFCA22D5ADDE}.Release|Mixed Platforms.ActiveCfg = Release|x86
		{ED48576D-BB3B-4C05-8043-DFCA22D5ADDE}.Release|Mixed Platforms.Build.0 = Release|x86
		{ED48576D-BB3B-4C05-8043-DFCA22D5ADDE}.Release|x86.ActiveCfg = Release|x86
		{ED48576D-BB3B-4C05-8043-DFCA22D5ADDE}.Release|x86.Build.0 = Release|x86
		{5786EA50-F35E-4017-9B7D-ADDEE40457EA}.Debug|Any CPU.ActiveCfg = Debug|x86
		{5786EA50-F35E-4017-9B7D-ADDEE40457EA}.Debug|Mixed Platforms.ActiveCfg = Debug|x86
		{5786EA50-F35E-4017-9B7D-ADDEE40457EA}.Debug|Mixed Platforms.Build.0 = Debug|x86
		{5786EA50-F35E-4017-9B7D-ADDEE40457EA}.Debug|x86.ActiveCfg = Debug|x86
		{5786EA50-F35E-4017-9B7D-ADDEE40457EA}.Debug|x86.Build.0 = Debug|x86
		{5786EA50-F35E-4017-9B7D-ADDEE40457EA}.Release|Any CPU.ActiveCfg = Release|x86
		{5786EA50-F35E-4017-9B7D-ADDEE40457EA}.Release|Mixed Platforms.ActiveCfg = Release|x86
		{5786EA50-F35E-4017-9B7D-ADDEE40457EA}.Release|Mixed Platforms.Build.0 = Release|x86
		{5786EA50-F35E-4017-9B7D-ADDEE40457EA}.Release|x86.ActiveCfg = Release|x86
		{5786EA50-F35E-4017-9B7D-ADDEE40457EA}.Release|x86.Build.0 = Release|x86
		{2D336083-B50F-42CC-B300-249D9EFD23D7}.Debug|Any CPU.ActiveCfg = Debug|x86
		{2D336083-B50F-42CC-B300-249D9EFD23D7}.Debug|Mixed Platforms.ActiveCfg = Debug|x86
		{2D336083-B50F-42CC-B300-249D9EFD23D7}.Debug|Mixed Platforms.Build.0 = Debug|x86
		{2D336083-B50F-42CC-B300-249D9EFD23D7}.Debug|x86.ActiveCfg = Debug|x86
		{2D336083-B50F-42CC-B300-249D9EFD23D7}.Debug|x86.Build.0 = Debug|x86
		{2D336083-B50F-42CC-B300-249D9EFD23D7}.Release|Any CPU.ActiveCfg = Release|x86
		{2D336083-B50F-42CC-B300-249D9EFD23D7}.Release|Mixed Platforms.ActiveCfg = Release|x86
		{2D336083-B50F-42CC-B300-249D9EFD23D7}.Release|Mixed Platforms.Build.0 = Release|x86
		{2D336083-B50F-42CC-B300-249D9EFD23D7}.Release|x86.ActiveCfg = Release|x86
		{2D336083-B50F-42CC-B300-249D9EFD23D7}.Release|x86.Build.0 = Release|x86
		{0FB0617C-6619-4036-9F80-31AF6D0E7AD8}.Debug|Any CPU.ActiveCfg = Debug|x86
		{0FB0617C-6619-4036-9F80-31AF6D0E7AD8}.Debug|Mixed Platforms.ActiveCfg = Debug|x86
		{0FB0617C-6619-4036-9F80-31AF6D0E7AD8}.Debug|Mixed Platforms.Build.0 = Debug|x86
		{0FB0617C-6619-4036-9F80-31AF6D0E7AD8}.Debug|x86.ActiveCfg = Debug|x86
		{0FB0617C-6619-4036-9F80-31AF6D0E7AD8}.Debug|x86.Build.0 = Debug|x86
		{0FB0617C-6619-4036-9F80-31AF6D0E7AD8}.Release|Any CPU.ActiveCfg = Release|x86
		{0FB0617C-6619-4036-9F80-31AF6D0E7AD8}.Release|Mixed Platforms.ActiveCfg = Release|x86
		{0FB0617C-6619-4036-9F80-31AF6D0E7AD8}.Release|Mixed Platforms.Build.0 = Release|x86
		{0FB0617C-6619-4036-9F80-31AF6D0E7AD8}.Release|x86.ActiveCfg = Release|x86
		{0FB0617C-6619-4036-9F80-31AF6D0E7AD8}.Release|x86.Build.0 = Release|x86
		{214FB44F-AEDA-4E48-A0C0-85CC737F064C}.Debug|Any CPU.ActiveCfg = Debug|x86
		{214FB44F-AEDA-4E48-A0C0-85CC737F064C}.Debug|Mixed Platforms.ActiveCfg = Debug|x86
		{214FB44F-AEDA-4E48-A0C0-85CC737F064C}.Debug|Mixed Platforms.Build.0 = Debug|x86
		{214FB44F-AEDA-4E48-A0C0-85CC737F064C}.Debug|x86.ActiveCfg = Debug|x86
		{214FB44F-AEDA-4E48-A0C0-85CC737F064C}.Debug|x86.Build.0 = Debug|x86
		{214FB44F-AEDA-4E48-A0C0-85CC737F064C}.Release|Any CPU.ActiveCfg = Release|x86
		{214FB44F-AEDA-4E48-A0C0-85CC737F064C}.Release|Mixed Platforms.ActiveCfg = Release|x86
		{214FB44F-AEDA-4E48-A0C0-85CC737F064C}.Release|Mixed Platforms.Build.0 = Release|x86
		{214FB44F-AEDA-4E48-A0C0-85CC737F064C}.Release|x86.ActiveCfg = Release|x86
		{214FB44F-AEDA-4E48-A0C0-85CC737F064C}.Release|x86.Build.0 = Release|x86
		{85EB70FD-6300-4CE7-9EE2-586460919040}.Debug|Any CPU.ActiveCfg = Debug|x86
		{85EB70FD-6300-4CE7-9EE2-586460919040}.Debug|Mixed Platforms.ActiveCfg = Debug|x86
		{85EB70FD-6300-4CE7-9EE2-586460919040}.Debug|Mixed Platforms.Build.0 = Debug|x86
		{85EB70FD-6300-4CE7-9EE2-586460919040}.Debug|x86.ActiveCfg = Debug|x86
		{85EB70FD-6300-4CE7-9EE2-586460919040}.Debug|x86.Build.0 = Debug|x86
		{85EB70FD-6300-4CE7-9EE2-586460919040}.Release|Any CPU.ActiveCfg = Release|x86
		{85EB70FD-6300-4CE7-9EE2-586460919040}.Release|Mixed Platforms.ActiveCfg = Release|x86
		{85EB70FD-6300-4CE7-9EE2-586460919040}.Release|Mixed Platforms.Build.0 = Release|x86
		{85EB70FD-6300-4CE7-9EE2-586460919040}.Release|x86.ActiveCfg = Release|x86
		{85EB70FD-6300-4CE7-9EE2-586460919040}.Release|x86.Build.0 = Release|x86
		{CD0163BB-1D0A-4869-AAAA-EA21EE8B964A}.Debug|Any CPU.ActiveCfg = Debug|Any CPU
		{CD0163BB-1D0A-4869-AAAA-EA21EE8B964A}.Debug|Any CPU.Build.0 = Debug|Any CPU
		{CD0163BB-1D0A-4869-AAAA-EA21EE8B964A}.Debug|Mixed Platforms.ActiveCfg = Debug|Any CPU
		{CD0163BB-1D0A-4869-AAAA-EA21EE8B964A}.Debug|Mixed Platforms.Build.0 = Debug|Any CPU
		{CD0163BB-1D0A-4869-AAAA-EA21EE8B964A}.Debug|x86.ActiveCfg = Debug|Any CPU
		{CD0163BB-1D0A-4869-AAAA-EA21EE8B964A}.Release|Any CPU.ActiveCfg = Release|Any CPU
		{CD0163BB-1D0A-4869-AAAA-EA21EE8B964A}.Release|Any CPU.Build.0 = Release|Any CPU
		{CD0163BB-1D0A-4869-AAAA-EA21EE8B964A}.Release|Mixed Platforms.ActiveCfg = Release|Any CPU
		{CD0163BB-1D0A-4869-AAAA-EA21EE8B964A}.Release|Mixed Platforms.Build.0 = Release|Any CPU
		{CD0163BB-1D0A-4869-AAAA-EA21EE8B964A}.Release|x86.ActiveCfg = Release|Any CPU
		{FBABCE8A-20E9-4F55-A4E4-8336F28331BD}.Debug|Any CPU.ActiveCfg = Debug|x86
		{FBABCE8A-20E9-4F55-A4E4-8336F28331BD}.Debug|Mixed Platforms.ActiveCfg = Debug|x86
		{FBABCE8A-20E9-4F55-A4E4-8336F28331BD}.Debug|Mixed Platforms.Build.0 = Debug|x86
		{FBABCE8A-20E9-4F55-A4E4-8336F28331BD}.Debug|x86.ActiveCfg = Debug|x86
		{FBABCE8A-20E9-4F55-A4E4-8336F28331BD}.Debug|x86.Build.0 = Debug|x86
		{FBABCE8A-20E9-4F55-A4E4-8336F28331BD}.Release|Any CPU.ActiveCfg = Release|x86
		{FBABCE8A-20E9-4F55-A4E4-8336F28331BD}.Release|Mixed Platforms.ActiveCfg = Release|x86
		{FBABCE8A-20E9-4F55-A4E4-8336F28331BD}.Release|Mixed Platforms.Build.0 = Release|x86
		{FBABCE8A-20E9-4F55-A4E4-8336F28331BD}.Release|x86.ActiveCfg = Release|x86
		{FBABCE8A-20E9-4F55-A4E4-8336F28331BD}.Release|x86.Build.0 = Release|x86
		{D06961A2-6703-48C1-8B65-AF56DBD4961B}.Debug|Any CPU.ActiveCfg = Debug|x86
		{D06961A2-6703-48C1-8B65-AF56DBD4961B}.Debug|Mixed Platforms.ActiveCfg = Debug|x86
		{D06961A2-6703-48C1-8B65-AF56DBD4961B}.Debug|Mixed Platforms.Build.0 = Debug|x86
		{D06961A2-6703-48C1-8B65-AF56DBD4961B}.Debug|x86.ActiveCfg = Debug|x86
		{D06961A2-6703-48C1-8B65-AF56DBD4961B}.Debug|x86.Build.0 = Debug|x86
		{D06961A2-6703-48C1-8B65-AF56DBD4961B}.Release|Any CPU.ActiveCfg = Release|x86
		{D06961A2-6703-48C1-8B65-AF56DBD4961B}.Release|Mixed Platforms.ActiveCfg = Release|x86
		{D06961A2-6703-48C1-8B65-AF56DBD4961B}.Release|Mixed Platforms.Build.0 = Release|x86
		{D06961A2-6703-48C1-8B65-AF56DBD4961B}.Release|x86.ActiveCfg = Release|x86
		{D06961A2-6703-48C1-8B65-AF56DBD4961B}.Release|x86.Build.0 = Release|x86
		{CDA91856-CEE3-4193-B532-5CD83E8909F9}.Debug|Any CPU.ActiveCfg = Debug|x86
		{CDA91856-CEE3-4193-B532-5CD83E8909F9}.Debug|Mixed Platforms.ActiveCfg = Debug|x86
		{CDA91856-CEE3-4193-B532-5CD83E8909F9}.Debug|Mixed Platforms.Build.0 = Debug|x86
		{CDA91856-CEE3-4193-B532-5CD83E8909F9}.Debug|x86.ActiveCfg = Debug|x86
		{CDA91856-CEE3-4193-B532-5CD83E8909F9}.Debug|x86.Build.0 = Debug|x86
		{CDA91856-CEE3-4193-B532-5CD83E8909F9}.Release|Any CPU.ActiveCfg = Release|x86
		{CDA91856-CEE3-4193-B532-5CD83E8909F9}.Release|Mixed Platforms.ActiveCfg = Release|x86
		{CDA91856-CEE3-4193-B532-5CD83E8909F9}.Release|Mixed Platforms.Build.0 = Release|x86
		{CDA91856-CEE3-4193-B532-5CD83E8909F9}.Release|x86.ActiveCfg = Release|x86
		{CDA91856-CEE3-4193-B532-5CD83E8909F9}.Release|x86.Build.0 = Release|x86
		{2B347FAF-2D47-4E9F-9159-DA9074EF7205}.Debug|Any CPU.ActiveCfg = Debug|x86
		{2B347FAF-2D47-4E9F-9159-DA9074EF7205}.Debug|Mixed Platforms.ActiveCfg = Debug|x86
		{2B347FAF-2D47-4E9F-9159-DA9074EF7205}.Debug|Mixed Platforms.Build.0 = Debug|x86
		{2B347FAF-2D47-4E9F-9159-DA9074EF7205}.Debug|x86.ActiveCfg = Debug|x86
		{2B347FAF-2D47-4E9F-9159-DA9074EF7205}.Debug|x86.Build.0 = Debug|x86
		{2B347FAF-2D47-4E9F-9159-DA9074EF7205}.Release|Any CPU.ActiveCfg = Release|x86
		{2B347FAF-2D47-4E9F-9159-DA9074EF7205}.Release|Mixed Platforms.ActiveCfg = Release|x86
		{2B347FAF-2D47-4E9F-9159-DA9074EF7205}.Release|Mixed Platforms.Build.0 = Release|x86
		{2B347FAF-2D47-4E9F-9159-DA9074EF7205}.Release|x86.ActiveCfg = Release|x86
		{2B347FAF-2D47-4E9F-9159-DA9074EF7205}.Release|x86.Build.0 = Release|x86
		{41893E99-FB61-4017-9F05-734DC9D7ABD0}.Debug|Any CPU.ActiveCfg = Debug|x86
		{41893E99-FB61-4017-9F05-734DC9D7ABD0}.Debug|Mixed Platforms.ActiveCfg = Debug|x86
		{41893E99-FB61-4017-9F05-734DC9D7ABD0}.Debug|Mixed Platforms.Build.0 = Debug|x86
		{41893E99-FB61-4017-9F05-734DC9D7ABD0}.Debug|x86.ActiveCfg = Debug|x86
		{41893E99-FB61-4017-9F05-734DC9D7ABD0}.Debug|x86.Build.0 = Debug|x86
		{41893E99-FB61-4017-9F05-734DC9D7ABD0}.Release|Any CPU.ActiveCfg = Release|x86
		{41893E99-FB61-4017-9F05-734DC9D7ABD0}.Release|Mixed Platforms.ActiveCfg = Release|x86
		{41893E99-FB61-4017-9F05-734DC9D7ABD0}.Release|Mixed Platforms.Build.0 = Release|x86
		{41893E99-FB61-4017-9F05-734DC9D7ABD0}.Release|x86.ActiveCfg = Release|x86
		{41893E99-FB61-4017-9F05-734DC9D7ABD0}.Release|x86.Build.0 = Release|x86
		{19489069-166B-4F81-8197-A106AC921E2C}.Debug|Any CPU.ActiveCfg = Debug|x86
		{19489069-166B-4F81-8197-A106AC921E2C}.Debug|Mixed Platforms.ActiveCfg = Debug|x86
		{19489069-166B-4F81-8197-A106AC921E2C}.Debug|Mixed Platforms.Build.0 = Debug|x86
		{19489069-166B-4F81-8197-A106AC921E2C}.Debug|x86.ActiveCfg = Debug|x86
		{19489069-166B-4F81-8197-A106AC921E2C}.Debug|x86.Build.0 = Debug|x86
		{19489069-166B-4F81-8197-A106AC921E2C}.Release|Any CPU.ActiveCfg = Release|x86
		{19489069-166B-4F81-8197-A106AC921E2C}.Release|Mixed Platforms.ActiveCfg = Release|x86
		{19489069-166B-4F81-8197-A106AC921E2C}.Release|Mixed Platforms.Build.0 = Release|x86
		{19489069-166B-4F81-8197-A106AC921E2C}.Release|x86.ActiveCfg = Release|x86
		{19489069-166B-4F81-8197-A106AC921E2C}.Release|x86.Build.0 = Release|x86
		{B1AFCD77-0A68-4211-AD1F-8AB9734D22D5}.Debug|Any CPU.ActiveCfg = Debug|Any CPU
		{B1AFCD77-0A68-4211-AD1F-8AB9734D22D5}.Debug|Any CPU.Build.0 = Debug|Any CPU
		{B1AFCD77-0A68-4211-AD1F-8AB9734D22D5}.Debug|Mixed Platforms.ActiveCfg = Debug|Any CPU
		{B1AFCD77-0A68-4211-AD1F-8AB9734D22D5}.Debug|Mixed Platforms.Build.0 = Debug|Any CPU
		{B1AFCD77-0A68-4211-AD1F-8AB9734D22D5}.Debug|x86.ActiveCfg = Debug|Any CPU
		{B1AFCD77-0A68-4211-AD1F-8AB9734D22D5}.Release|Any CPU.ActiveCfg = Release|Any CPU
		{B1AFCD77-0A68-4211-AD1F-8AB9734D22D5}.Release|Any CPU.Build.0 = Release|Any CPU
		{B1AFCD77-0A68-4211-AD1F-8AB9734D22D5}.Release|Mixed Platforms.ActiveCfg = Release|Any CPU
		{B1AFCD77-0A68-4211-AD1F-8AB9734D22D5}.Release|Mixed Platforms.Build.0 = Release|Any CPU
		{B1AFCD77-0A68-4211-AD1F-8AB9734D22D5}.Release|x86.ActiveCfg = Release|Any CPU
		{7F874F67-E5BC-46B4-844F-63080FC48D52}.Debug|Any CPU.ActiveCfg = Debug|x86
		{7F874F67-E5BC-46B4-844F-63080FC48D52}.Debug|Mixed Platforms.ActiveCfg = Debug|x86
		{7F874F67-E5BC-46B4-844F-63080FC48D52}.Debug|Mixed Platforms.Build.0 = Debug|x86
		{7F874F67-E5BC-46B4-844F-63080FC48D52}.Debug|x86.ActiveCfg = Debug|x86
		{7F874F67-E5BC-46B4-844F-63080FC48D52}.Debug|x86.Build.0 = Debug|x86
		{7F874F67-E5BC-46B4-844F-63080FC48D52}.Release|Any CPU.ActiveCfg = Release|x86
		{7F874F67-E5BC-46B4-844F-63080FC48D52}.Release|Mixed Platforms.ActiveCfg = Release|x86
		{7F874F67-E5BC-46B4-844F-63080FC48D52}.Release|Mixed Platforms.Build.0 = Release|x86
		{7F874F67-E5BC-46B4-844F-63080FC48D52}.Release|x86.ActiveCfg = Release|x86
		{7F874F67-E5BC-46B4-844F-63080FC48D52}.Release|x86.Build.0 = Release|x86
		{EF2A1961-E5D2-47DB-97CD-290A00826D30}.Debug|Any CPU.ActiveCfg = Debug|Any CPU
		{EF2A1961-E5D2-47DB-97CD-290A00826D30}.Debug|Any CPU.Build.0 = Debug|Any CPU
		{EF2A1961-E5D2-47DB-97CD-290A00826D30}.Debug|Mixed Platforms.ActiveCfg = Debug|Any CPU
		{EF2A1961-E5D2-47DB-97CD-290A00826D30}.Debug|Mixed Platforms.Build.0 = Debug|Any CPU
		{EF2A1961-E5D2-47DB-97CD-290A00826D30}.Debug|x86.ActiveCfg = Debug|Any CPU
		{EF2A1961-E5D2-47DB-97CD-290A00826D30}.Release|Any CPU.ActiveCfg = Release|Any CPU
		{EF2A1961-E5D2-47DB-97CD-290A00826D30}.Release|Any CPU.Build.0 = Release|Any CPU
		{EF2A1961-E5D2-47DB-97CD-290A00826D30}.Release|Mixed Platforms.ActiveCfg = Release|Any CPU
		{EF2A1961-E5D2-47DB-97CD-290A00826D30}.Release|Mixed Platforms.Build.0 = Release|Any CPU
		{EF2A1961-E5D2-47DB-97CD-290A00826D30}.Release|x86.ActiveCfg = Release|Any CPU
	EndGlobalSection
	GlobalSection(SolutionProperties) = preSolution
		HideSolutionNode = FALSE
	EndGlobalSection
EndGlobal
